// !$*UTF8*$!
{
	archiveVersion = 1;
	classes = {
	};
	objectVersion = 55;
	objects = {

/* Begin PBXBuildFile section */
		5B36F71A2868A4D10093948D /* ScreenB.storyboard in Resources */ = {isa = PBXBuildFile; fileRef = 5B36F7192868A4D10093948D /* ScreenB.storyboard */; };
		5B36F71D2868A7980093948D /* ScreenC.storyboard in Resources */ = {isa = PBXBuildFile; fileRef = 5B36F71C2868A7980093948D /* ScreenC.storyboard */; };
		5B36F7202868A9310093948D /* Coordinator.swift in Sources */ = {isa = PBXBuildFile; fileRef = 5B36F71F2868A9310093948D /* Coordinator.swift */; };
		5B36F7222868A9B90093948D /* AppCoordinator.swift in Sources */ = {isa = PBXBuildFile; fileRef = 5B36F7212868A9B90093948D /* AppCoordinator.swift */; };
		5B36F7242868AE350093948D /* ScreenBViewController.swift in Sources */ = {isa = PBXBuildFile; fileRef = 5B36F7232868AE350093948D /* ScreenBViewController.swift */; };
		5B36F74A2868E2910093948D /* ScreenCViewController.swift in Sources */ = {isa = PBXBuildFile; fileRef = 5B36F7492868E2910093948D /* ScreenCViewController.swift */; };
		5B36F7512868E5130093948D /* ScreenAViewModel.swift in Sources */ = {isa = PBXBuildFile; fileRef = 5B36F7502868E5130093948D /* ScreenAViewModel.swift */; };
		5B36F7532868E8210093948D /* Observable.swift in Sources */ = {isa = PBXBuildFile; fileRef = 5B36F7522868E8210093948D /* Observable.swift */; };
		5B36F7552868EDF80093948D /* ScreenViewModel.swift in Sources */ = {isa = PBXBuildFile; fileRef = 5B36F7542868EDF80093948D /* ScreenViewModel.swift */; };
		5B36F7592868EE220093948D /* ScreenBViewModel.swift in Sources */ = {isa = PBXBuildFile; fileRef = 5B36F7582868EE210093948D /* ScreenBViewModel.swift */; };
		5B36F75B2868EE370093948D /* ScreenCViewModel.swift in Sources */ = {isa = PBXBuildFile; fileRef = 5B36F75A2868EE370093948D /* ScreenCViewModel.swift */; };
		5B36F75E2868EF3F0093948D /* FlowRules.swift in Sources */ = {isa = PBXBuildFile; fileRef = 5B36F75D2868EF3F0093948D /* FlowRules.swift */; };
		5BA735DE2862ACE90046E14C /* AppDelegate.swift in Sources */ = {isa = PBXBuildFile; fileRef = 5BA735DD2862ACE90046E14C /* AppDelegate.swift */; };
		5BA735E02862ACE90046E14C /* SceneDelegate.swift in Sources */ = {isa = PBXBuildFile; fileRef = 5BA735DF2862ACE90046E14C /* SceneDelegate.swift */; };
		5BA735E22862ACE90046E14C /* ScreenAViewController.swift in Sources */ = {isa = PBXBuildFile; fileRef = 5BA735E12862ACE90046E14C /* ScreenAViewController.swift */; };
		5BA735E52862ACE90046E14C /* ScreenA.storyboard in Resources */ = {isa = PBXBuildFile; fileRef = 5BA735E32862ACE90046E14C /* ScreenA.storyboard */; };
		5BA735E72862ACEB0046E14C /* Assets.xcassets in Resources */ = {isa = PBXBuildFile; fileRef = 5BA735E62862ACEB0046E14C /* Assets.xcassets */; };
		5BA735EA2862ACEB0046E14C /* LaunchScreen.storyboard in Resources */ = {isa = PBXBuildFile; fileRef = 5BA735E82862ACEB0046E14C /* LaunchScreen.storyboard */; };
/* End PBXBuildFile section */

/* Begin PBXContainerItemProxy section */
		5BA735F12862ACEB0046E14C /* PBXContainerItemProxy */ = {
			isa = PBXContainerItemProxy;
			containerPortal = 5BA735D22862ACE90046E14C /* Project object */;
			proxyType = 1;
			remoteGlobalIDString = 5BA735D92862ACE90046E14C;
			remoteInfo = "mvvm coordinator";
		};
		5BA735FB2862ACEB0046E14C /* PBXContainerItemProxy */ = {
			isa = PBXContainerItemProxy;
			containerPortal = 5BA735D22862ACE90046E14C /* Project object */;
			proxyType = 1;
			remoteGlobalIDString = 5BA735D92862ACE90046E14C;
			remoteInfo = "mvvm coordinator";
		};
/* End PBXContainerItemProxy section */

/* Begin PBXFileReference section */
		5B36F7192868A4D10093948D /* ScreenB.storyboard */ = {isa = PBXFileReference; lastKnownFileType = file.storyboard; path = ScreenB.storyboard; sourceTree = "<group>"; };
		5B36F71C2868A7980093948D /* ScreenC.storyboard */ = {isa = PBXFileReference; lastKnownFileType = file.storyboard; path = ScreenC.storyboard; sourceTree = "<group>"; };
		5B36F71F2868A9310093948D /* Coordinator.swift */ = {isa = PBXFileReference; lastKnownFileType = sourcecode.swift; path = Coordinator.swift; sourceTree = "<group>"; };
		5B36F7212868A9B90093948D /* AppCoordinator.swift */ = {isa = PBXFileReference; lastKnownFileType = sourcecode.swift; path = AppCoordinator.swift; sourceTree = "<group>"; };
		5B36F7232868AE350093948D /* ScreenBViewController.swift */ = {isa = PBXFileReference; lastKnownFileType = sourcecode.swift; path = ScreenBViewController.swift; sourceTree = "<group>"; };
		5B36F7492868E2910093948D /* ScreenCViewController.swift */ = {isa = PBXFileReference; lastKnownFileType = sourcecode.swift; path = ScreenCViewController.swift; sourceTree = "<group>"; };
		5B36F7502868E5130093948D /* ScreenAViewModel.swift */ = {isa = PBXFileReference; lastKnownFileType = sourcecode.swift; path = ScreenAViewModel.swift; sourceTree = "<group>"; };
		5B36F7522868E8210093948D /* Observable.swift */ = {isa = PBXFileReference; lastKnownFileType = sourcecode.swift; path = Observable.swift; sourceTree = "<group>"; };
		5B36F7542868EDF80093948D /* ScreenViewModel.swift */ = {isa = PBXFileReference; lastKnownFileType = sourcecode.swift; path = ScreenViewModel.swift; sourceTree = "<group>"; };
		5B36F7582868EE210093948D /* ScreenBViewModel.swift */ = {isa = PBXFileReference; lastKnownFileType = sourcecode.swift; path = ScreenBViewModel.swift; sourceTree = "<group>"; };
		5B36F75A2868EE370093948D /* ScreenCViewModel.swift */ = {isa = PBXFileReference; lastKnownFileType = sourcecode.swift; path = ScreenCViewModel.swift; sourceTree = "<group>"; };
		5B36F75D2868EF3F0093948D /* FlowRules.swift */ = {isa = PBXFileReference; lastKnownFileType = sourcecode.swift; path = FlowRules.swift; sourceTree = "<group>"; };
		5BA735DA2862ACE90046E14C /* mvvm coordinator.app */ = {isa = PBXFileReference; explicitFileType = wrapper.application; includeInIndex = 0; path = "mvvm coordinator.app"; sourceTree = BUILT_PRODUCTS_DIR; };
		5BA735DD2862ACE90046E14C /* AppDelegate.swift */ = {isa = PBXFileReference; lastKnownFileType = sourcecode.swift; path = AppDelegate.swift; sourceTree = "<group>"; };
		5BA735DF2862ACE90046E14C /* SceneDelegate.swift */ = {isa = PBXFileReference; lastKnownFileType = sourcecode.swift; path = SceneDelegate.swift; sourceTree = "<group>"; };
		5BA735E12862ACE90046E14C /* ScreenAViewController.swift */ = {isa = PBXFileReference; lastKnownFileType = sourcecode.swift; path = ScreenAViewController.swift; sourceTree = "<group>"; };
		5BA735E42862ACE90046E14C /* Base */ = {isa = PBXFileReference; lastKnownFileType = file.storyboard; name = Base; path = Base.lproj/ScreenA.storyboard; sourceTree = "<group>"; };
		5BA735E62862ACEB0046E14C /* Assets.xcassets */ = {isa = PBXFileReference; lastKnownFileType = folder.assetcatalog; path = Assets.xcassets; sourceTree = "<group>"; };
		5BA735E92862ACEB0046E14C /* Base */ = {isa = PBXFileReference; lastKnownFileType = file.storyboard; name = Base; path = Base.lproj/LaunchScreen.storyboard; sourceTree = "<group>"; };
		5BA735EB2862ACEB0046E14C /* Info.plist */ = {isa = PBXFileReference; lastKnownFileType = text.plist.xml; path = Info.plist; sourceTree = "<group>"; };
		5BA735F02862ACEB0046E14C /* mvvm coordinatorTests.xctest */ = {isa = PBXFileReference; explicitFileType = wrapper.cfbundle; includeInIndex = 0; path = "mvvm coordinatorTests.xctest"; sourceTree = BUILT_PRODUCTS_DIR; };
		5BA735FA2862ACEB0046E14C /* mvvm coordinatorUITests.xctest */ = {isa = PBXFileReference; explicitFileType = wrapper.cfbundle; includeInIndex = 0; path = "mvvm coordinatorUITests.xctest"; sourceTree = BUILT_PRODUCTS_DIR; };
/* End PBXFileReference section */

/* Begin PBXFrameworksBuildPhase section */
		5BA735D72862ACE90046E14C /* Frameworks */ = {
			isa = PBXFrameworksBuildPhase;
			buildActionMask = 2147483647;
			files = (
			);
			runOnlyForDeploymentPostprocessing = 0;
		};
		5BA735ED2862ACEB0046E14C /* Frameworks */ = {
			isa = PBXFrameworksBuildPhase;
			buildActionMask = 2147483647;
			files = (
			);
			runOnlyForDeploymentPostprocessing = 0;
		};
		5BA735F72862ACEB0046E14C /* Frameworks */ = {
			isa = PBXFrameworksBuildPhase;
			buildActionMask = 2147483647;
			files = (
			);
			runOnlyForDeploymentPostprocessing = 0;
		};
/* End PBXFrameworksBuildPhase section */

/* Begin PBXGroup section */
		5B36F7172868A48A0093948D /* screen a */ = {
			isa = PBXGroup;
			children = (
				5B36F74F2868E4FB0093948D /* viewModel */,
				5B36F74C2868E4CA0093948D /* view */,
			);
			path = "screen a";
			sourceTree = "<group>";
		};
		5B36F7182868A4B90093948D /* screen b */ = {
			isa = PBXGroup;
			children = (
				5B36F7562868EE100093948D /* viewModel */,
				5B36F74D2868E4DC0093948D /* view */,
			);
			path = "screen b";
			sourceTree = "<group>";
		};
		5B36F71B2868A7850093948D /* screen c */ = {
			isa = PBXGroup;
			children = (
				5B36F7572868EE150093948D /* viewModel */,
				5B36F74E2868E4ED0093948D /* view */,
			);
			path = "screen c";
			sourceTree = "<group>";
		};
		5B36F71E2868A9180093948D /* coordinator */ = {
			isa = PBXGroup;
			children = (
				5B36F71F2868A9310093948D /* Coordinator.swift */,
				5B36F7212868A9B90093948D /* AppCoordinator.swift */,
			);
			path = coordinator;
			sourceTree = "<group>";
		};
		5B36F74B2868E4AB0093948D /* presentation */ = {
			isa = PBXGroup;
			children = (
				5B36F7172868A48A0093948D /* screen a */,
				5B36F7182868A4B90093948D /* screen b */,
				5B36F71B2868A7850093948D /* screen c */,
				5B36F7542868EDF80093948D /* ScreenViewModel.swift */,
			);
			path = presentation;
			sourceTree = "<group>";
		};
		5B36F74C2868E4CA0093948D /* view */ = {
			isa = PBXGroup;
			children = (
				5BA735E12862ACE90046E14C /* ScreenAViewController.swift */,
				5BA735E32862ACE90046E14C /* ScreenA.storyboard */,
			);
			path = view;
			sourceTree = "<group>";
		};
		5B36F74D2868E4DC0093948D /* view */ = {
			isa = PBXGroup;
			children = (
				5B36F7232868AE350093948D /* ScreenBViewController.swift */,
				5B36F7192868A4D10093948D /* ScreenB.storyboard */,
			);
			path = view;
			sourceTree = "<group>";
		};
		5B36F74E2868E4ED0093948D /* view */ = {
			isa = PBXGroup;
			children = (
				5B36F7492868E2910093948D /* ScreenCViewController.swift */,
				5B36F71C2868A7980093948D /* ScreenC.storyboard */,
			);
			path = view;
			sourceTree = "<group>";
		};
		5B36F74F2868E4FB0093948D /* viewModel */ = {
			isa = PBXGroup;
			children = (
				5B36F7502868E5130093948D /* ScreenAViewModel.swift */,
			);
			path = viewModel;
			sourceTree = "<group>";
		};
		5B36F7562868EE100093948D /* viewModel */ = {
			isa = PBXGroup;
			children = (
				5B36F7582868EE210093948D /* ScreenBViewModel.swift */,
			);
			path = viewModel;
			sourceTree = "<group>";
		};
		5B36F7572868EE150093948D /* viewModel */ = {
			isa = PBXGroup;
			children = (
				5B36F75A2868EE370093948D /* ScreenCViewModel.swift */,
			);
			path = viewModel;
			sourceTree = "<group>";
		};
		5B36F75C2868EF1E0093948D /* data */ = {
			isa = PBXGroup;
			children = (
				5B36F75D2868EF3F0093948D /* FlowRules.swift */,
			);
			path = data;
			sourceTree = "<group>";
		};
		5BA735D12862ACE90046E14C = {
			isa = PBXGroup;
			children = (
				5BA735DC2862ACE90046E14C /* mvvm coordinator */,
				5BA735DB2862ACE90046E14C /* Products */,
			);
			sourceTree = "<group>";
		};
		5BA735DB2862ACE90046E14C /* Products */ = {
			isa = PBXGroup;
			children = (
				5BA735DA2862ACE90046E14C /* mvvm coordinator.app */,
				5BA735F02862ACEB0046E14C /* mvvm coordinatorTests.xctest */,
				5BA735FA2862ACEB0046E14C /* mvvm coordinatorUITests.xctest */,
			);
			name = Products;
			sourceTree = "<group>";
		};
		5BA735DC2862ACE90046E14C /* mvvm coordinator */ = {
			isa = PBXGroup;
			children = (
				5B36F75C2868EF1E0093948D /* data */,
				5B36F74B2868E4AB0093948D /* presentation */,
				5B36F71E2868A9180093948D /* coordinator */,
				5BA735DD2862ACE90046E14C /* AppDelegate.swift */,
				5BA735DF2862ACE90046E14C /* SceneDelegate.swift */,
				5BA735E62862ACEB0046E14C /* Assets.xcassets */,
				5BA735E82862ACEB0046E14C /* LaunchScreen.storyboard */,
				5BA735EB2862ACEB0046E14C /* Info.plist */,
				5B36F7522868E8210093948D /* Observable.swift */,
			);
			path = "mvvm coordinator";
			sourceTree = "<group>";
		};
/* End PBXGroup section */

/* Begin PBXNativeTarget section */
		5BA735D92862ACE90046E14C /* mvvm coordinator */ = {
			isa = PBXNativeTarget;
			buildConfigurationList = 5BA736042862ACEB0046E14C /* Build configuration list for PBXNativeTarget "mvvm coordinator" */;
			buildPhases = (
				5BA735D62862ACE90046E14C /* Sources */,
				5BA735D72862ACE90046E14C /* Frameworks */,
				5BA735D82862ACE90046E14C /* Resources */,
			);
			buildRules = (
			);
			dependencies = (
			);
			name = "mvvm coordinator";
			productName = "mvvm coordinator";
			productReference = 5BA735DA2862ACE90046E14C /* mvvm coordinator.app */;
			productType = "com.apple.product-type.application";
		};
		5BA735EF2862ACEB0046E14C /* mvvm coordinatorTests */ = {
			isa = PBXNativeTarget;
			buildConfigurationList = 5BA736072862ACEB0046E14C /* Build configuration list for PBXNativeTarget "mvvm coordinatorTests" */;
			buildPhases = (
				5BA735EC2862ACEB0046E14C /* Sources */,
				5BA735ED2862ACEB0046E14C /* Frameworks */,
				5BA735EE2862ACEB0046E14C /* Resources */,
			);
			buildRules = (
			);
			dependencies = (
				5BA735F22862ACEB0046E14C /* PBXTargetDependency */,
			);
			name = "mvvm coordinatorTests";
			productName = "mvvm coordinatorTests";
			productReference = 5BA735F02862ACEB0046E14C /* mvvm coordinatorTests.xctest */;
			productType = "com.apple.product-type.bundle.unit-test";
		};
		5BA735F92862ACEB0046E14C /* mvvm coordinatorUITests */ = {
			isa = PBXNativeTarget;
			buildConfigurationList = 5BA7360A2862ACEB0046E14C /* Build configuration list for PBXNativeTarget "mvvm coordinatorUITests" */;
			buildPhases = (
				5BA735F62862ACEB0046E14C /* Sources */,
				5BA735F72862ACEB0046E14C /* Frameworks */,
				5BA735F82862ACEB0046E14C /* Resources */,
			);
			buildRules = (
			);
			dependencies = (
				5BA735FC2862ACEB0046E14C /* PBXTargetDependency */,
			);
			name = "mvvm coordinatorUITests";
			productName = "mvvm coordinatorUITests";
			productReference = 5BA735FA2862ACEB0046E14C /* mvvm coordinatorUITests.xctest */;
			productType = "com.apple.product-type.bundle.ui-testing";
		};
/* End PBXNativeTarget section */

/* Begin PBXProject section */
		5BA735D22862ACE90046E14C /* Project object */ = {
			isa = PBXProject;
			attributes = {
				BuildIndependentTargetsInParallel = 1;
				LastSwiftUpdateCheck = 1340;
				LastUpgradeCheck = 1340;
				TargetAttributes = {
					5BA735D92862ACE90046E14C = {
						CreatedOnToolsVersion = 13.4.1;
					};
					5BA735EF2862ACEB0046E14C = {
						CreatedOnToolsVersion = 13.4.1;
						TestTargetID = 5BA735D92862ACE90046E14C;
					};
					5BA735F92862ACEB0046E14C = {
						CreatedOnToolsVersion = 13.4.1;
						TestTargetID = 5BA735D92862ACE90046E14C;
					};
				};
			};
			buildConfigurationList = 5BA735D52862ACE90046E14C /* Build configuration list for PBXProject "mvvm coordinator" */;
			compatibilityVersion = "Xcode 13.0";
			developmentRegion = en;
			hasScannedForEncodings = 0;
			knownRegions = (
				en,
				Base,
			);
			mainGroup = 5BA735D12862ACE90046E14C;
			productRefGroup = 5BA735DB2862ACE90046E14C /* Products */;
			projectDirPath = "";
			projectRoot = "";
			targets = (
				5BA735D92862ACE90046E14C /* mvvm coordinator */,
				5BA735EF2862ACEB0046E14C /* mvvm coordinatorTests */,
				5BA735F92862ACEB0046E14C /* mvvm coordinatorUITests */,
			);
		};
/* End PBXProject section */

/* Begin PBXResourcesBuildPhase section */
		5BA735D82862ACE90046E14C /* Resources */ = {
			isa = PBXResourcesBuildPhase;
			buildActionMask = 2147483647;
			files = (
				5B36F71D2868A7980093948D /* ScreenC.storyboard in Resources */,
				5BA735EA2862ACEB0046E14C /* LaunchScreen.storyboard in Resources */,
				5BA735E72862ACEB0046E14C /* Assets.xcassets in Resources */,
				5B36F71A2868A4D10093948D /* ScreenB.storyboard in Resources */,
				5BA735E52862ACE90046E14C /* ScreenA.storyboard in Resources */,
			);
			runOnlyForDeploymentPostprocessing = 0;
		};
		5BA735EE2862ACEB0046E14C /* Resources */ = {
			isa = PBXResourcesBuildPhase;
			buildActionMask = 2147483647;
			files = (
			);
			runOnlyForDeploymentPostprocessing = 0;
		};
		5BA735F82862ACEB0046E14C /* Resources */ = {
			isa = PBXResourcesBuildPhase;
			buildActionMask = 2147483647;
			files = (
			);
			runOnlyForDeploymentPostprocessing = 0;
		};
/* End PBXResourcesBuildPhase section */

/* Begin PBXSourcesBuildPhase section */
		5BA735D62862ACE90046E14C /* Sources */ = {
			isa = PBXSourcesBuildPhase;
			buildActionMask = 2147483647;
			files = (
				5B36F7202868A9310093948D /* Coordinator.swift in Sources */,
				5BA735E22862ACE90046E14C /* ScreenAViewController.swift in Sources */,
				5B36F7222868A9B90093948D /* AppCoordinator.swift in Sources */,
				5B36F7592868EE220093948D /* ScreenBViewModel.swift in Sources */,
				5BA735DE2862ACE90046E14C /* AppDelegate.swift in Sources */,
				5B36F7552868EDF80093948D /* ScreenViewModel.swift in Sources */,
				5B36F7532868E8210093948D /* Observable.swift in Sources */,
				5BA735E02862ACE90046E14C /* SceneDelegate.swift in Sources */,
				5B36F75B2868EE370093948D /* ScreenCViewModel.swift in Sources */,
				5B36F75E2868EF3F0093948D /* FlowRules.swift in Sources */,
				5B36F7242868AE350093948D /* ScreenBViewController.swift in Sources */,
				5B36F7512868E5130093948D /* ScreenAViewModel.swift in Sources */,
				5B36F74A2868E2910093948D /* ScreenCViewController.swift in Sources */,
			);
			runOnlyForDeploymentPostprocessing = 0;
		};
		5BA735EC2862ACEB0046E14C /* Sources */ = {
			isa = PBXSourcesBuildPhase;
			buildActionMask = 2147483647;
			files = (
			);
			runOnlyForDeploymentPostprocessing = 0;
		};
		5BA735F62862ACEB0046E14C /* Sources */ = {
			isa = PBXSourcesBuildPhase;
			buildActionMask = 2147483647;
			files = (
			);
			runOnlyForDeploymentPostprocessing = 0;
		};
/* End PBXSourcesBuildPhase section */

/* Begin PBXTargetDependency section */
		5BA735F22862ACEB0046E14C /* PBXTargetDependency */ = {
			isa = PBXTargetDependency;
			target = 5BA735D92862ACE90046E14C /* mvvm coordinator */;
			targetProxy = 5BA735F12862ACEB0046E14C /* PBXContainerItemProxy */;
		};
		5BA735FC2862ACEB0046E14C /* PBXTargetDependency */ = {
			isa = PBXTargetDependency;
			target = 5BA735D92862ACE90046E14C /* mvvm coordinator */;
			targetProxy = 5BA735FB2862ACEB0046E14C /* PBXContainerItemProxy */;
		};
/* End PBXTargetDependency section */

/* Begin PBXVariantGroup section */
		5BA735E32862ACE90046E14C /* ScreenA.storyboard */ = {
			isa = PBXVariantGroup;
			children = (
				5BA735E42862ACE90046E14C /* Base */,
			);
			name = ScreenA.storyboard;
			sourceTree = "<group>";
		};
		5BA735E82862ACEB0046E14C /* LaunchScreen.storyboard */ = {
			isa = PBXVariantGroup;
			children = (
				5BA735E92862ACEB0046E14C /* Base */,
			);
			name = LaunchScreen.storyboard;
			sourceTree = "<group>";
		};
/* End PBXVariantGroup section */

/* Begin XCBuildConfiguration section */
		5BA736022862ACEB0046E14C /* Debug */ = {
			isa = XCBuildConfiguration;
			buildSettings = {
				ALWAYS_SEARCH_USER_PATHS = NO;
				CLANG_ANALYZER_NONNULL = YES;
				CLANG_ANALYZER_NUMBER_OBJECT_CONVERSION = YES_AGGRESSIVE;
				CLANG_CXX_LANGUAGE_STANDARD = "gnu++17";
				CLANG_ENABLE_MODULES = YES;
				CLANG_ENABLE_OBJC_ARC = YES;
				CLANG_ENABLE_OBJC_WEAK = YES;
				CLANG_WARN_BLOCK_CAPTURE_AUTORELEASING = YES;
				CLANG_WARN_BOOL_CONVERSION = YES;
				CLANG_WARN_COMMA = YES;
				CLANG_WARN_CONSTANT_CONVERSION = YES;
				CLANG_WARN_DEPRECATED_OBJC_IMPLEMENTATIONS = YES;
				CLANG_WARN_DIRECT_OBJC_ISA_USAGE = YES_ERROR;
				CLANG_WARN_DOCUMENTATION_COMMENTS = YES;
				CLANG_WARN_EMPTY_BODY = YES;
				CLANG_WARN_ENUM_CONVERSION = YES;
				CLANG_WARN_INFINITE_RECURSION = YES;
				CLANG_WARN_INT_CONVERSION = YES;
				CLANG_WARN_NON_LITERAL_NULL_CONVERSION = YES;
				CLANG_WARN_OBJC_IMPLICIT_RETAIN_SELF = YES;
				CLANG_WARN_OBJC_LITERAL_CONVERSION = YES;
				CLANG_WARN_OBJC_ROOT_CLASS = YES_ERROR;
				CLANG_WARN_QUOTED_INCLUDE_IN_FRAMEWORK_HEADER = YES;
				CLANG_WARN_RANGE_LOOP_ANALYSIS = YES;
				CLANG_WARN_STRICT_PROTOTYPES = YES;
				CLANG_WARN_SUSPICIOUS_MOVE = YES;
				CLANG_WARN_UNGUARDED_AVAILABILITY = YES_AGGRESSIVE;
				CLANG_WARN_UNREACHABLE_CODE = YES;
				CLANG_WARN__DUPLICATE_METHOD_MATCH = YES;
				COPY_PHASE_STRIP = NO;
				DEBUG_INFORMATION_FORMAT = dwarf;
				ENABLE_STRICT_OBJC_MSGSEND = YES;
				ENABLE_TESTABILITY = YES;
				GCC_C_LANGUAGE_STANDARD = gnu11;
				GCC_DYNAMIC_NO_PIC = NO;
				GCC_NO_COMMON_BLOCKS = YES;
				GCC_OPTIMIZATION_LEVEL = 0;
				GCC_PREPROCESSOR_DEFINITIONS = (
					"DEBUG=1",
					"$(inherited)",
				);
				GCC_WARN_64_TO_32_BIT_CONVERSION = YES;
				GCC_WARN_ABOUT_RETURN_TYPE = YES_ERROR;
				GCC_WARN_UNDECLARED_SELECTOR = YES;
				GCC_WARN_UNINITIALIZED_AUTOS = YES_AGGRESSIVE;
				GCC_WARN_UNUSED_FUNCTION = YES;
				GCC_WARN_UNUSED_VARIABLE = YES;
				IPHONEOS_DEPLOYMENT_TARGET = 15.5;
				MTL_ENABLE_DEBUG_INFO = INCLUDE_SOURCE;
				MTL_FAST_MATH = YES;
				ONLY_ACTIVE_ARCH = YES;
				SDKROOT = iphoneos;
				SWIFT_ACTIVE_COMPILATION_CONDITIONS = DEBUG;
				SWIFT_OPTIMIZATION_LEVEL = "-Onone";
			};
			name = Debug;
		};
		5BA736032862ACEB0046E14C /* Release */ = {
			isa = XCBuildConfiguration;
			buildSettings = {
				ALWAYS_SEARCH_USER_PATHS = NO;
				CLANG_ANALYZER_NONNULL = YES;
				CLANG_ANALYZER_NUMBER_OBJECT_CONVERSION = YES_AGGRESSIVE;
				CLANG_CXX_LANGUAGE_STANDARD = "gnu++17";
				CLANG_ENABLE_MODULES = YES;
				CLANG_ENABLE_OBJC_ARC = YES;
				CLANG_ENABLE_OBJC_WEAK = YES;
				CLANG_WARN_BLOCK_CAPTURE_AUTORELEASING = YES;
				CLANG_WARN_BOOL_CONVERSION = YES;
				CLANG_WARN_COMMA = YES;
				CLANG_WARN_CONSTANT_CONVERSION = YES;
				CLANG_WARN_DEPRECATED_OBJC_IMPLEMENTATIONS = YES;
				CLANG_WARN_DIRECT_OBJC_ISA_USAGE = YES_ERROR;
				CLANG_WARN_DOCUMENTATION_COMMENTS = YES;
				CLANG_WARN_EMPTY_BODY = YES;
				CLANG_WARN_ENUM_CONVERSION = YES;
				CLANG_WARN_INFINITE_RECURSION = YES;
				CLANG_WARN_INT_CONVERSION = YES;
				CLANG_WARN_NON_LITERAL_NULL_CONVERSION = YES;
				CLANG_WARN_OBJC_IMPLICIT_RETAIN_SELF = YES;
				CLANG_WARN_OBJC_LITERAL_CONVERSION = YES;
				CLANG_WARN_OBJC_ROOT_CLASS = YES_ERROR;
				CLANG_WARN_QUOTED_INCLUDE_IN_FRAMEWORK_HEADER = YES;
				CLANG_WARN_RANGE_LOOP_ANALYSIS = YES;
				CLANG_WARN_STRICT_PROTOTYPES = YES;
				CLANG_WARN_SUSPICIOUS_MOVE = YES;
				CLANG_WARN_UNGUARDED_AVAILABILITY = YES_AGGRESSIVE;
				CLANG_WARN_UNREACHABLE_CODE = YES;
				CLANG_WARN__DUPLICATE_METHOD_MATCH = YES;
				COPY_PHASE_STRIP = NO;
				DEBUG_INFORMATION_FORMAT = "dwarf-with-dsym";
				ENABLE_NS_ASSERTIONS = NO;
				ENABLE_STRICT_OBJC_MSGSEND = YES;
				GCC_C_LANGUAGE_STANDARD = gnu11;
				GCC_NO_COMMON_BLOCKS = YES;
				GCC_WARN_64_TO_32_BIT_CONVERSION = YES;
				GCC_WARN_ABOUT_RETURN_TYPE = YES_ERROR;
				GCC_WARN_UNDECLARED_SELECTOR = YES;
				GCC_WARN_UNINITIALIZED_AUTOS = YES_AGGRESSIVE;
				GCC_WARN_UNUSED_FUNCTION = YES;
				GCC_WARN_UNUSED_VARIABLE = YES;
				IPHONEOS_DEPLOYMENT_TARGET = 15.5;
				MTL_ENABLE_DEBUG_INFO = NO;
				MTL_FAST_MATH = YES;
				SDKROOT = iphoneos;
				SWIFT_COMPILATION_MODE = wholemodule;
				SWIFT_OPTIMIZATION_LEVEL = "-O";
				VALIDATE_PRODUCT = YES;
			};
			name = Release;
		};
		5BA736052862ACEB0046E14C /* Debug */ = {
			isa = XCBuildConfiguration;
			buildSettings = {
				ASSETCATALOG_COMPILER_APPICON_NAME = AppIcon;
				ASSETCATALOG_COMPILER_GLOBAL_ACCENT_COLOR_NAME = AccentColor;
				CODE_SIGN_STYLE = Automatic;
				CURRENT_PROJECT_VERSION = 1;
				GENERATE_INFOPLIST_FILE = YES;
				INFOPLIST_FILE = "mvvm coordinator/Info.plist";
				INFOPLIST_KEY_UIApplicationSupportsIndirectInputEvents = YES;
				INFOPLIST_KEY_UILaunchStoryboardName = LaunchScreen;
				INFOPLIST_KEY_UISupportedInterfaceOrientations_iPad = "UIInterfaceOrientationPortrait UIInterfaceOrientationPortraitUpsideDown UIInterfaceOrientationLandscapeLeft UIInterfaceOrientationLandscapeRight";
				INFOPLIST_KEY_UISupportedInterfaceOrientations_iPhone = "UIInterfaceOrientationPortrait UIInterfaceOrientationLandscapeLeft UIInterfaceOrientationLandscapeRight";
				LD_RUNPATH_SEARCH_PATHS = (
					"$(inherited)",
					"@executable_path/Frameworks",
				);
				MARKETING_VERSION = 1.0;
				PRODUCT_BUNDLE_IDENTIFIER = "cangianelli.mvvm-coordinator";
				PRODUCT_NAME = "$(TARGET_NAME)";
				SWIFT_EMIT_LOC_STRINGS = YES;
				SWIFT_VERSION = 5.0;
				TARGETED_DEVICE_FAMILY = 1;
			};
			name = Debug;
		};
		5BA736062862ACEB0046E14C /* Release */ = {
			isa = XCBuildConfiguration;
			buildSettings = {
				ASSETCATALOG_COMPILER_APPICON_NAME = AppIcon;
				ASSETCATALOG_COMPILER_GLOBAL_ACCENT_COLOR_NAME = AccentColor;
				CODE_SIGN_STYLE = Automatic;
				CURRENT_PROJECT_VERSION = 1;
				GENERATE_INFOPLIST_FILE = YES;
				INFOPLIST_FILE = "mvvm coordinator/Info.plist";
				INFOPLIST_KEY_UIApplicationSupportsIndirectInputEvents = YES;
				INFOPLIST_KEY_UILaunchStoryboardName = LaunchScreen;
				INFOPLIST_KEY_UISupportedInterfaceOrientations_iPad = "UIInterfaceOrientationPortrait UIInterfaceOrientationPortraitUpsideDown UIInterfaceOrientationLandscapeLeft UIInterfaceOrientationLandscapeRight";
				INFOPLIST_KEY_UISupportedInterfaceOrientations_iPhone = "UIInterfaceOrientationPortrait UIInterfaceOrientationLandscapeLeft UIInterfaceOrientationLandscapeRight";
				LD_RUNPATH_SEARCH_PATHS = (
					"$(inherited)",
					"@executable_path/Frameworks",
				);
				MARKETING_VERSION = 1.0;
				PRODUCT_BUNDLE_IDENTIFIER = "cangianelli.mvvm-coordinator";
				PRODUCT_NAME = "$(TARGET_NAME)";
				SWIFT_EMIT_LOC_STRINGS = YES;
				SWIFT_VERSION = 5.0;
				TARGETED_DEVICE_FAMILY = 1;
			};
			name = Release;
		};
		5BA736082862ACEB0046E14C /* Debug */ = {
			isa = XCBuildConfiguration;
			buildSettings = {
				ALWAYS_EMBED_SWIFT_STANDARD_LIBRARIES = YES;
				BUNDLE_LOADER = "$(TEST_HOST)";
				CODE_SIGN_STYLE = Automatic;
				CURRENT_PROJECT_VERSION = 1;
				GENERATE_INFOPLIST_FILE = YES;
				IPHONEOS_DEPLOYMENT_TARGET = 15.5;
				MARKETING_VERSION = 1.0;
				PRODUCT_BUNDLE_IDENTIFIER = "cangianelli.mvvm-coordinatorTests";
				PRODUCT_NAME = "$(TARGET_NAME)";
				SWIFT_EMIT_LOC_STRINGS = NO;
				SWIFT_VERSION = 5.0;
				TARGETED_DEVICE_FAMILY = "1,2";
				TEST_HOST = "$(BUILT_PRODUCTS_DIR)/mvvm coordinator.app/mvvm coordinator";
			};
			name = Debug;
		};
		5BA736092862ACEB0046E14C /* Release */ = {
			isa = XCBuildConfiguration;
			buildSettings = {
				ALWAYS_EMBED_SWIFT_STANDARD_LIBRARIES = YES;
				BUNDLE_LOADER = "$(TEST_HOST)";
				CODE_SIGN_STYLE = Automatic;
				CURRENT_PROJECT_VERSION = 1;
				GENERATE_INFOPLIST_FILE = YES;
				IPHONEOS_DEPLOYMENT_TARGET = 15.5;
				MARKETING_VERSION = 1.0;
				PRODUCT_BUNDLE_IDENTIFIER = "cangianelli.mvvm-coordinatorTests";
				PRODUCT_NAME = "$(TARGET_NAME)";
				SWIFT_EMIT_LOC_STRINGS = NO;
				SWIFT_VERSION = 5.0;
				TARGETED_DEVICE_FAMILY = "1,2";
				TEST_HOST = "$(BUILT_PRODUCTS_DIR)/mvvm coordinator.app/mvvm coordinator";
			};
			name = Release;
		};
		5BA7360B2862ACEB0046E14C /* Debug */ = {
			isa = XCBuildConfiguration;
			buildSettings = {
				ALWAYS_EMBED_SWIFT_STANDARD_LIBRARIES = YES;
				CODE_SIGN_STYLE = Automatic;
				CURRENT_PROJECT_VERSION = 1;
				GENERATE_INFOPLIST_FILE = YES;
				MARKETING_VERSION = 1.0;
				PRODUCT_BUNDLE_IDENTIFIER = "cangianelli.mvvm-coordinatorUITests";
				PRODUCT_NAME = "$(TARGET_NAME)";
				SWIFT_EMIT_LOC_STRINGS = NO;
				SWIFT_VERSION = 5.0;
				TARGETED_DEVICE_FAMILY = "1,2";
				TEST_TARGET_NAME = "mvvm coordinator";
			};
			name = Debug;
		};
		5BA7360C2862ACEB0046E14C /* Release */ = {
			isa = XCBuildConfiguration;
			buildSettings = {
				ALWAYS_EMBED_SWIFT_STANDARD_LIBRARIES = YES;
				CODE_SIGN_STYLE = Automatic;
				CURRENT_PROJECT_VERSION = 1;
				GENERATE_INFOPLIST_FILE = YES;
				MARKETING_VERSION = 1.0;
				PRODUCT_BUNDLE_IDENTIFIER = "cangianelli.mvvm-coordinatorUITests";
				PRODUCT_NAME = "$(TARGET_NAME)";
				SWIFT_EMIT_LOC_STRINGS = NO;
				SWIFT_VERSION = 5.0;
				TARGETED_DEVICE_FAMILY = "1,2";
				TEST_TARGET_NAME = "mvvm coordinator";
			};
			name = Release;
		};
/* End XCBuildConfiguration section */

/* Begin XCConfigurationList section */
		5BA735D52862ACE90046E14C /* Build configuration list for PBXProject "mvvm coordinator" */ = {
			isa = XCConfigurationList;
			buildConfigurations = (
				5BA736022862ACEB0046E14C /* Debug */,
				5BA736032862ACEB0046E14C /* Release */,
			);
			defaultConfigurationIsVisible = 0;
			defaultConfigurationName = Release;
		};
		5BA736042862ACEB0046E14C /* Build configuration list for PBXNativeTarget "mvvm coordinator" */ = {
			isa = XCConfigurationList;
			buildConfigurations = (
				5BA736052862ACEB0046E14C /* Debug */,
				5BA736062862ACEB0046E14C /* Release */,
			);
			defaultConfigurationIsVisible = 0;
			defaultConfigurationName = Release;
		};
		5BA736072862ACEB0046E14C /* Build configuration list for PBXNativeTarget "mvvm coordinatorTests" */ = {
			isa = XCConfigurationList;
			buildConfigurations = (
				5BA736082862ACEB0046E14C /* Debug */,
				5BA736092862ACEB0046E14C /* Release */,
			);
			defaultConfigurationIsVisible = 0;
			defaultConfigurationName = Release;
		};
		5BA7360A2862ACEB0046E14C /* Build configuration list for PBXNativeTarget "mvvm coordinatorUITests" */ = {
			isa = XCConfigurationList;
			buildConfigurations = (
				5BA7360B2862ACEB0046E14C /* Debug */,
				5BA7360C2862ACEB0046E14C /* Release */,
			);
			defaultConfigurationIsVisible = 0;
			defaultConfigurationName = Release;
		};
/* End XCConfigurationList section */
	};
	rootObject = 5BA735D22862ACE90046E14C /* Project object */;
}
